
Microsoft Visual Studio Solution File, Format Version 12.00
# Visual Studio Version 17
VisualStudioVersion = 17.3.32901.215
MinimumVisualStudioVersion = 10.0.40219.1
Project("{FAE04EC0-301F-11D3-BF4B-00C04F79EFBC}") = "IER602Test", "IER602Test\IER602Test.csproj", "{0A7FB29B-4652-45BE-8164-BDC4D99739EA}"
EndProject
Global
	GlobalSection(SolutionConfigurationPlatforms) = preSolution
		Debug|Any CPU = Debug|Any CPU
		Release|Any CPU = Release|Any CPU
	EndGlobalSection
	GlobalSection(ProjectConfigurationPlatforms) = postSolution
		{0A7FB29B-4652-45BE-8164-BDC4D99739EA}.Debug|Any CPU.ActiveCfg = Debug|Any CPU
		{0A7FB29B-4652-45BE-8164-BDC4D99739EA}.Debug|Any CPU.Build.0 = Debug|Any CPU
		{0A7FB29B-4652-45BE-8164-BDC4D99739EA}.Release|Any CPU.ActiveCfg = Release|Any CPU
		{0A7FB29B-4652-45BE-8164-BDC4D99739EA}.Release|Any CPU.Build.0 = Release|Any CPU
	EndGlobalSection
	GlobalSection(SolutionProperties) = preSolution
		HideSolutionNode = FALSE
	EndGlobalSection
	GlobalSection(ExtensibilityGlobals) = postSolution
		SolutionGuid = {A4ADC23F-7654-4308-90BE-33C61B93B1CA}
	EndGlobalSection
EndGlobal
